
Microsoft Visual Studio Solution File, Format Version 12.00
# Visual Studio Version 17
VisualStudioVersion = 17.5.33424.131
MinimumVisualStudioVersion = 10.0.40219.1
Project("{FAE04EC0-301F-11D3-BF4B-00C04F79EFBC}") = "Etapa4_NicolasMontoya", "Etapa4_NicolasMontoya\Etapa4_NicolasMontoya.csproj", "{1774101B-C598-4E02-8E4F-6EA9798364F8}"
EndProject
Global
	GlobalSection(SolutionConfigurationPlatforms) = preSolution
		Debug|Any CPU = Debug|Any CPU
		Release|Any CPU = Release|Any CPU
	EndGlobalSection
	GlobalSection(ProjectConfigurationPlatforms) = postSolution
		{1774101B-C598-4E02-8E4F-6EA9798364F8}.Debug|Any CPU.ActiveCfg = Debug|Any CPU
		{1774101B-C598-4E02-8E4F-6EA9798364F8}.Debug|Any CPU.Build.0 = Debug|Any CPU
		{1774101B-C598-4E02-8E4F-6EA9798364F8}.Release|Any CPU.ActiveCfg = Release|Any CPU
		{1774101B-C598-4E02-8E4F-6EA9798364F8}.Release|Any CPU.Build.0 = Release|Any CPU
	EndGlobalSection
	GlobalSection(SolutionProperties) = preSolution
		HideSolutionNode = FALSE
	EndGlobalSection
	GlobalSection(ExtensibilityGlobals) = postSolution
		SolutionGuid = {A27ECDA0-9FD1-419E-B21C-9F9B1A128FB6}
	EndGlobalSection
EndGlobal
